
Microsoft Visual Studio Solution File, Format Version 12.00
# Visual Studio 15
VisualStudioVersion = 15.0.27009.1
MinimumVisualStudioVersion = 10.0.40219.1
Project("{FAE04EC0-301F-11D3-BF4B-00C04F79EFBC}") = "ZunePlayingNowDemo", "ZunePlayingNowDemo\ZunePlayingNowDemo.csproj", "{062E0AA3-9B27-4C31-8259-EC31F29CA56F}"
EndProject
Global
	GlobalSection(SolutionConfigurationPlatforms) = preSolution
		Debug|ARM = Debug|ARM
		Debug|x64 = Debug|x64
		Debug|x86 = Debug|x86
		Release|ARM = Release|ARM
		Release|x64 = Release|x64
		Release|x86 = Release|x86
	EndGlobalSection
	GlobalSection(ProjectConfigurationPlatforms) = postSolution
		{062E0AA3-9B27-4C31-8259-EC31F29CA56F}.Debug|ARM.ActiveCfg = Debug|ARM
		{062E0AA3-9B27-4C31-8259-EC31F29CA56F}.Debug|ARM.Build.0 = Debug|ARM
		{062E0AA3-9B27-4C31-8259-EC31F29CA56F}.Debug|ARM.Deploy.0 = Debug|ARM
		{062E0AA3-9B27-4C31-8259-EC31F29CA56F}.Debug|x64.ActiveCfg = Debug|x64
		{062E0AA3-9B27-4C31-8259-EC31F29CA56F}.Debug|x64.Build.0 = Debug|x64
		{062E0AA3-9B27-4C31-8259-EC31F29CA56F}.Debug|x64.Deploy.0 = Debug|x64
		{062E0AA3-9B27-4C31-8259-EC31F29CA56F}.Debug|x86.ActiveCfg = Debug|x86
		{062E0AA3-9B27-4C31-8259-EC31F29CA56F}.Debug|x86.Build.0 = Debug|x86
		{062E0AA3-9B27-4C31-8259-EC31F29CA56F}.Debug|x86.Deploy.0 = Debug|x86
		{062E0AA3-9B27-4C31-8259-EC31F29CA56F}.Release|ARM.ActiveCfg = Release|ARM
		{062E0AA3-9B27-4C31-8259-EC31F29CA56F}.Release|ARM.Build.0 = Release|ARM
		{062E0AA3-9B27-4C31-8259-EC31F29CA56F}.Release|ARM.Deploy.0 = Release|ARM
		{062E0AA3-9B27-4C31-8259-EC31F29CA56F}.Release|x64.ActiveCfg = Release|x64
		{062E0AA3-9B27-4C31-8259-EC31F29CA56F}.Release|x64.Build.0 = Release|x64
		{062E0AA3-9B27-4C31-8259-EC31F29CA56F}.Release|x64.Deploy.0 = Release|x64
		{062E0AA3-9B27-4C31-8259-EC31F29CA56F}.Release|x86.ActiveCfg = Release|x86
		{062E0AA3-9B27-4C31-8259-EC31F29CA56F}.Release|x86.Build.0 = Release|x86
		{062E0AA3-9B27-4C31-8259-EC31F29CA56F}.Release|x86.Deploy.0 = Release|x86
	EndGlobalSection
	GlobalSection(SolutionProperties) = preSolution
		HideSolutionNode = FALSE
	EndGlobalSection
	GlobalSection(ExtensibilityGlobals) = postSolution
		SolutionGuid = {3E7071F3-D2EB-461C-8586-27D336E5DDF8}
	EndGlobalSection
EndGlobal
